// !$*UTF8*$!
{
	archiveVersion = 1;
	classes = {
	};
	objectVersion = 46;
	objects = {

/* Begin PBXBuildFile section */
		4C021C16A387651D73943A1D /* Pods_CampusCashUITests.framework in Frameworks */ = {isa = PBXBuildFile; fileRef = A0D8AF2996D30DAE68297242 /* Pods_CampusCashUITests.framework */; };
		4D0D5B511F7D6CC500DE70FB /* CoreLocation.framework in Frameworks */ = {isa = PBXBuildFile; fileRef = 4D0D5B501F7D6CC500DE70FB /* CoreLocation.framework */; };
		4D18FC4D1F4234B700173CE1 /* TableViewCell3.swift in Sources */ = {isa = PBXBuildFile; fileRef = 4D18FC4B1F4234B700173CE1 /* TableViewCell3.swift */; };
		4D18FC4E1F4234B700173CE1 /* TableViewCell3.xib in Resources */ = {isa = PBXBuildFile; fileRef = 4D18FC4C1F4234B700173CE1 /* TableViewCell3.xib */; };
		4D18FC521F426E7200173CE1 /* Rotate.swift in Sources */ = {isa = PBXBuildFile; fileRef = 4D18FC511F426E7200173CE1 /* Rotate.swift */; };
		4D1E09E71F3DFE8D008E25BE /* CompaniesTableViewController.swift in Sources */ = {isa = PBXBuildFile; fileRef = 4D1E09E61F3DFE8D008E25BE /* CompaniesTableViewController.swift */; };
		4D1E09EC1F3E0D6C008E25BE /* TableViewCell1.swift in Sources */ = {isa = PBXBuildFile; fileRef = 4D1E09EA1F3E0D6C008E25BE /* TableViewCell1.swift */; };
		4D1E09ED1F3E0D6C008E25BE /* TableViewCell1.xib in Resources */ = {isa = PBXBuildFile; fileRef = 4D1E09EB1F3E0D6C008E25BE /* TableViewCell1.xib */; };
		4D1E09F41F3E3061008E25BE /* TableViewCell2.swift in Sources */ = {isa = PBXBuildFile; fileRef = 4D1E09F21F3E3061008E25BE /* TableViewCell2.swift */; };
		4D1E09F51F3E3061008E25BE /* TableViewCell2.xib in Resources */ = {isa = PBXBuildFile; fileRef = 4D1E09F31F3E3061008E25BE /* TableViewCell2.xib */; };
		4D5841D81F73467900E22655 /* FinalViewController.swift in Sources */ = {isa = PBXBuildFile; fileRef = 4D5841D71F73467900E22655 /* FinalViewController.swift */; };
		4D5841DE1F736A7B00E22655 /* NavigationViewController.swift in Sources */ = {isa = PBXBuildFile; fileRef = 4D5841DD1F736A7B00E22655 /* NavigationViewController.swift */; };
		4D5841E01F7C55D800E22655 /* MapKit.framework in Frameworks */ = {isa = PBXBuildFile; fileRef = 4D5841DF1F7C55D800E22655 /* MapKit.framework */; };
		4D5841E21F7C568700E22655 /* MapViewController.swift in Sources */ = {isa = PBXBuildFile; fileRef = 4D5841E11F7C568700E22655 /* MapViewController.swift */; };
		4D5841E51F7C5BA600E22655 /* LocationManager.swift in Sources */ = {isa = PBXBuildFile; fileRef = 4D5841E41F7C5BA600E22655 /* LocationManager.swift */; };
		4D5A02421FAA9C5C005D3A38 /* TableViewCell1REWORK.swift in Sources */ = {isa = PBXBuildFile; fileRef = 4D5A02401FAA9C5C005D3A38 /* TableViewCell1REWORK.swift */; };
		4D5A02431FAA9C5C005D3A38 /* TableViewCell1REWORK.xib in Resources */ = {isa = PBXBuildFile; fileRef = 4D5A02411FAA9C5C005D3A38 /* TableViewCell1REWORK.xib */; };
		4D7820621F605588005C2EDF /* Coupon2TableViewController.swift in Sources */ = {isa = PBXBuildFile; fileRef = 4D7820611F605588005C2EDF /* Coupon2TableViewController.swift */; };
		4D7820641F606762005C2EDF /* CAGradientLayer.swift in Sources */ = {isa = PBXBuildFile; fileRef = 4D7820631F606762005C2EDF /* CAGradientLayer.swift */; };
		4D7820671F6885D1005C2EDF /* TableViewCell4.swift in Sources */ = {isa = PBXBuildFile; fileRef = 4D7820651F6885D1005C2EDF /* TableViewCell4.swift */; };
		4D7820681F6885D1005C2EDF /* TableViewCell4.xib in Resources */ = {isa = PBXBuildFile; fileRef = 4D7820661F6885D1005C2EDF /* TableViewCell4.xib */; };
		4D99BEA31F8FF7BD00886E09 /* couponSegue.swift in Sources */ = {isa = PBXBuildFile; fileRef = 4D99BEA21F8FF7BD00886E09 /* couponSegue.swift */; };
		4D99BEA71F90006D00886E09 /* CustomAnnotations.swift in Sources */ = {isa = PBXBuildFile; fileRef = 4D99BEA61F90006D00886E09 /* CustomAnnotations.swift */; };
		4D99BEC01F9002B900886E09 /* CustomCalloutView.swift in Sources */ = {isa = PBXBuildFile; fileRef = 4D99BEB21F9002B900886E09 /* CustomCalloutView.swift */; };
		4D99BEC11F9002B900886E09 /* CustomCalloutView.xib in Resources */ = {isa = PBXBuildFile; fileRef = 4D99BEB31F9002B900886E09 /* CustomCalloutView.xib */; };
		4DA27DC21F98087D0007E2B2 /* MapCategoriesViewController.swift in Sources */ = {isa = PBXBuildFile; fileRef = 4DA27DC11F98087D0007E2B2 /* MapCategoriesViewController.swift */; };
		4DA789911FAAE886009D5391 /* RecentTableViewController.swift in Sources */ = {isa = PBXBuildFile; fileRef = 4DA789901FAAE886009D5391 /* RecentTableViewController.swift */; };
		4DAFBE5E1F3D5AE700CFBF57 /* GoogleService-Info.plist in Resources */ = {isa = PBXBuildFile; fileRef = 4DAFBE5D1F3D5AE700CFBF57 /* GoogleService-Info.plist */; };
		4DAFBE601F3D5B4800CFBF57 /* Launch Screen.storyboard in Resources */ = {isa = PBXBuildFile; fileRef = 4DAFBE5F1F3D5B4800CFBF57 /* Launch Screen.storyboard */; };
		4DAFBE631F3D5C2800CFBF57 /* secondSegue.swift in Sources */ = {isa = PBXBuildFile; fileRef = 4DAFBE621F3D5C2800CFBF57 /* secondSegue.swift */; };
		4DAFBE651F3D5C8000CFBF57 /* CategoriesTableViewController.swift in Sources */ = {isa = PBXBuildFile; fileRef = 4DAFBE641F3D5C8000CFBF57 /* CategoriesTableViewController.swift */; };
		4DAFBE671F3D5C8700CFBF57 /* TabViewController.swift in Sources */ = {isa = PBXBuildFile; fileRef = 4DAFBE661F3D5C8700CFBF57 /* TabViewController.swift */; };
		4DAFBE691F3D5C8D00CFBF57 /* CampusTableViewController.swift in Sources */ = {isa = PBXBuildFile; fileRef = 4DAFBE681F3D5C8D00CFBF57 /* CampusTableViewController.swift */; };
		4DAFBE741F3D750600CFBF57 /* SearchTableViewController.swift in Sources */ = {isa = PBXBuildFile; fileRef = 4DAFBE731F3D750600CFBF57 /* SearchTableViewController.swift */; };
		4DBB9EB31F9005630015CACE /* AnnotationView.swift in Sources */ = {isa = PBXBuildFile; fileRef = 4DBB9EB21F9005630015CACE /* AnnotationView.swift */; };
		4DBDA54D1FB02BF600963AA3 /* SWRevealViewController.h in Sources */ = {isa = PBXBuildFile; fileRef = 4D7A85BC1FB02B150065BFEB /* SWRevealViewController.h */; };
		4DD9F2AA1FAE5BE10015A3E1 /* TableViewCell5.swift in Sources */ = {isa = PBXBuildFile; fileRef = 4DD9F2A81FAE5BE10015A3E1 /* TableViewCell5.swift */; };
		4DD9F2AB1FAE5BE10015A3E1 /* TableViewCell5.xib in Resources */ = {isa = PBXBuildFile; fileRef = 4DD9F2A91FAE5BE10015A3E1 /* TableViewCell5.xib */; };
		99D73A011F3AD54900257F14 /* AppDelegate.swift in Sources */ = {isa = PBXBuildFile; fileRef = 99D73A001F3AD54900257F14 /* AppDelegate.swift */; };
		99D73A031F3AD54A00257F14 /* ViewController.swift in Sources */ = {isa = PBXBuildFile; fileRef = 99D73A021F3AD54A00257F14 /* ViewController.swift */; };
		99D73A061F3AD54A00257F14 /* Main.storyboard in Resources */ = {isa = PBXBuildFile; fileRef = 99D73A041F3AD54A00257F14 /* Main.storyboard */; };
		99D73A081F3AD54A00257F14 /* Assets.xcassets in Resources */ = {isa = PBXBuildFile; fileRef = 99D73A071F3AD54A00257F14 /* Assets.xcassets */; };
		99D73A161F3AD54A00257F14 /* CampusCashTests.swift in Sources */ = {isa = PBXBuildFile; fileRef = 99D73A151F3AD54A00257F14 /* CampusCashTests.swift */; };
		99D73A211F3AD54A00257F14 /* CampusCashUITests.swift in Sources */ = {isa = PBXBuildFile; fileRef = 99D73A201F3AD54A00257F14 /* CampusCashUITests.swift */; };
		ACE228D03CA149991D0BE59F /* Pods_CampusCashTests.framework in Frameworks */ = {isa = PBXBuildFile; fileRef = B18B2AC3A2D6CE1F7827C6A0 /* Pods_CampusCashTests.framework */; };
		D53869D9C8386DEED350AB6A /* Pods_CampusCash.framework in Frameworks */ = {isa = PBXBuildFile; fileRef = 55883FEE85958F1362E794A9 /* Pods_CampusCash.framework */; };
		ED1FCFC91F3BE78C00F94A17 /* firstSegue.swift in Sources */ = {isa = PBXBuildFile; fileRef = ED1FCFC81F3BE78C00F94A17 /* firstSegue.swift */; };
/* End PBXBuildFile section */

/* Begin PBXContainerItemProxy section */
		99D73A121F3AD54A00257F14 /* PBXContainerItemProxy */ = {
			isa = PBXContainerItemProxy;
			containerPortal = 99D739F51F3AD54900257F14 /* Project object */;
			proxyType = 1;
			remoteGlobalIDString = 99D739FC1F3AD54900257F14;
			remoteInfo = CampusCash;
		};
		99D73A1D1F3AD54A00257F14 /* PBXContainerItemProxy */ = {
			isa = PBXContainerItemProxy;
			containerPortal = 99D739F51F3AD54900257F14 /* Project object */;
			proxyType = 1;
			remoteGlobalIDString = 99D739FC1F3AD54900257F14;
			remoteInfo = CampusCash;
		};
/* End PBXContainerItemProxy section */

/* Begin PBXFileReference section */
		37210B3B6ED954717B1006CA /* Pods-CampusCash.debug.xcconfig */ = {isa = PBXFileReference; includeInIndex = 1; lastKnownFileType = text.xcconfig; name = "Pods-CampusCash.debug.xcconfig"; path = "Pods/Target Support Files/Pods-CampusCash/Pods-CampusCash.debug.xcconfig"; sourceTree = "<group>"; };
		3A6A87D9BEDD7C364354A50E /* Pods-CampusCash.release.xcconfig */ = {isa = PBXFileReference; includeInIndex = 1; lastKnownFileType = text.xcconfig; name = "Pods-CampusCash.release.xcconfig"; path = "Pods/Target Support Files/Pods-CampusCash/Pods-CampusCash.release.xcconfig"; sourceTree = "<group>"; };
		4D0D5B501F7D6CC500DE70FB /* CoreLocation.framework */ = {isa = PBXFileReference; lastKnownFileType = wrapper.framework; name = CoreLocation.framework; path = System/Library/Frameworks/CoreLocation.framework; sourceTree = SDKROOT; };
		4D18FC4B1F4234B700173CE1 /* TableViewCell3.swift */ = {isa = PBXFileReference; fileEncoding = 4; lastKnownFileType = sourcecode.swift; path = TableViewCell3.swift; sourceTree = "<group>"; };
		4D18FC4C1F4234B700173CE1 /* TableViewCell3.xib */ = {isa = PBXFileReference; fileEncoding = 4; lastKnownFileType = file.xib; path = TableViewCell3.xib; sourceTree = "<group>"; };
		4D18FC511F426E7200173CE1 /* Rotate.swift */ = {isa = PBXFileReference; fileEncoding = 4; lastKnownFileType = sourcecode.swift; path = Rotate.swift; sourceTree = "<group>"; };
		4D1E09E61F3DFE8D008E25BE /* CompaniesTableViewController.swift */ = {isa = PBXFileReference; fileEncoding = 4; lastKnownFileType = sourcecode.swift; path = CompaniesTableViewController.swift; sourceTree = "<group>"; };
		4D1E09EA1F3E0D6C008E25BE /* TableViewCell1.swift */ = {isa = PBXFileReference; fileEncoding = 4; lastKnownFileType = sourcecode.swift; path = TableViewCell1.swift; sourceTree = "<group>"; };
		4D1E09EB1F3E0D6C008E25BE /* TableViewCell1.xib */ = {isa = PBXFileReference; fileEncoding = 4; lastKnownFileType = file.xib; path = TableViewCell1.xib; sourceTree = "<group>"; };
		4D1E09F21F3E3061008E25BE /* TableViewCell2.swift */ = {isa = PBXFileReference; fileEncoding = 4; lastKnownFileType = sourcecode.swift; path = TableViewCell2.swift; sourceTree = "<group>"; };
		4D1E09F31F3E3061008E25BE /* TableViewCell2.xib */ = {isa = PBXFileReference; fileEncoding = 4; lastKnownFileType = file.xib; path = TableViewCell2.xib; sourceTree = "<group>"; };
		4D5841D41F6B1D4A00E22655 /* CampusCash-Bridging-Header.h */ = {isa = PBXFileReference; lastKnownFileType = sourcecode.c.h; path = "CampusCash-Bridging-Header.h"; sourceTree = "<group>"; };
		4D5841D71F73467900E22655 /* FinalViewController.swift */ = {isa = PBXFileReference; fileEncoding = 4; lastKnownFileType = sourcecode.swift; path = FinalViewController.swift; sourceTree = "<group>"; };
		4D5841DD1F736A7B00E22655 /* NavigationViewController.swift */ = {isa = PBXFileReference; fileEncoding = 4; lastKnownFileType = sourcecode.swift; path = NavigationViewController.swift; sourceTree = "<group>"; };
		4D5841DF1F7C55D800E22655 /* MapKit.framework */ = {isa = PBXFileReference; lastKnownFileType = wrapper.framework; name = MapKit.framework; path = System/Library/Frameworks/MapKit.framework; sourceTree = SDKROOT; };
		4D5841E11F7C568700E22655 /* MapViewController.swift */ = {isa = PBXFileReference; fileEncoding = 4; lastKnownFileType = sourcecode.swift; path = MapViewController.swift; sourceTree = "<group>"; };
		4D5841E41F7C5BA600E22655 /* LocationManager.swift */ = {isa = PBXFileReference; fileEncoding = 4; lastKnownFileType = sourcecode.swift; path = LocationManager.swift; sourceTree = "<group>"; };
		4D5A02401FAA9C5C005D3A38 /* TableViewCell1REWORK.swift */ = {isa = PBXFileReference; fileEncoding = 4; lastKnownFileType = sourcecode.swift; path = TableViewCell1REWORK.swift; sourceTree = "<group>"; };
		4D5A02411FAA9C5C005D3A38 /* TableViewCell1REWORK.xib */ = {isa = PBXFileReference; fileEncoding = 4; lastKnownFileType = file.xib; path = TableViewCell1REWORK.xib; sourceTree = "<group>"; };
		4D7820611F605588005C2EDF /* Coupon2TableViewController.swift */ = {isa = PBXFileReference; fileEncoding = 4; lastKnownFileType = sourcecode.swift; path = Coupon2TableViewController.swift; sourceTree = "<group>"; };
		4D7820631F606762005C2EDF /* CAGradientLayer.swift */ = {isa = PBXFileReference; fileEncoding = 4; lastKnownFileType = sourcecode.swift; path = CAGradientLayer.swift; sourceTree = "<group>"; };
		4D7820651F6885D1005C2EDF /* TableViewCell4.swift */ = {isa = PBXFileReference; fileEncoding = 4; lastKnownFileType = sourcecode.swift; path = TableViewCell4.swift; sourceTree = "<group>"; };
		4D7820661F6885D1005C2EDF /* TableViewCell4.xib */ = {isa = PBXFileReference; fileEncoding = 4; lastKnownFileType = file.xib; path = TableViewCell4.xib; sourceTree = "<group>"; };
		4D7A85BC1FB02B150065BFEB /* SWRevealViewController.h */ = {isa = PBXFileReference; fileEncoding = 4; lastKnownFileType = sourcecode.c.h; path = SWRevealViewController.h; sourceTree = "<group>"; };
		4D99BEA21F8FF7BD00886E09 /* couponSegue.swift */ = {isa = PBXFileReference; fileEncoding = 4; lastKnownFileType = sourcecode.swift; path = couponSegue.swift; sourceTree = "<group>"; };
		4D99BEA61F90006D00886E09 /* CustomAnnotations.swift */ = {isa = PBXFileReference; fileEncoding = 4; lastKnownFileType = sourcecode.swift; path = CustomAnnotations.swift; sourceTree = "<group>"; };
		4D99BEB21F9002B900886E09 /* CustomCalloutView.swift */ = {isa = PBXFileReference; fileEncoding = 4; lastKnownFileType = sourcecode.swift; path = CustomCalloutView.swift; sourceTree = "<group>"; };
		4D99BEB31F9002B900886E09 /* CustomCalloutView.xib */ = {isa = PBXFileReference; fileEncoding = 4; lastKnownFileType = file.xib; path = CustomCalloutView.xib; sourceTree = "<group>"; };
		4DA27DC11F98087D0007E2B2 /* MapCategoriesViewController.swift */ = {isa = PBXFileReference; fileEncoding = 4; lastKnownFileType = sourcecode.swift; path = MapCategoriesViewController.swift; sourceTree = "<group>"; };
		4DA789901FAAE886009D5391 /* RecentTableViewController.swift */ = {isa = PBXFileReference; fileEncoding = 4; lastKnownFileType = sourcecode.swift; path = RecentTableViewController.swift; sourceTree = "<group>"; };
		4DAFBE5D1F3D5AE700CFBF57 /* GoogleService-Info.plist */ = {isa = PBXFileReference; fileEncoding = 4; lastKnownFileType = text.plist.xml; path = "GoogleService-Info.plist"; sourceTree = "<group>"; };
		4DAFBE5F1F3D5B4800CFBF57 /* Launch Screen.storyboard */ = {isa = PBXFileReference; fileEncoding = 4; lastKnownFileType = file.storyboard; path = "Launch Screen.storyboard"; sourceTree = "<group>"; };
		4DAFBE611F3D5BFF00CFBF57 /* CampusCash.entitlements */ = {isa = PBXFileReference; lastKnownFileType = text.plist.entitlements; path = CampusCash.entitlements; sourceTree = "<group>"; };
		4DAFBE621F3D5C2800CFBF57 /* secondSegue.swift */ = {isa = PBXFileReference; fileEncoding = 4; lastKnownFileType = sourcecode.swift; path = secondSegue.swift; sourceTree = "<group>"; };
		4DAFBE641F3D5C8000CFBF57 /* CategoriesTableViewController.swift */ = {isa = PBXFileReference; fileEncoding = 4; lastKnownFileType = sourcecode.swift; path = CategoriesTableViewController.swift; sourceTree = "<group>"; };
		4DAFBE661F3D5C8700CFBF57 /* TabViewController.swift */ = {isa = PBXFileReference; fileEncoding = 4; lastKnownFileType = sourcecode.swift; path = TabViewController.swift; sourceTree = "<group>"; };
		4DAFBE681F3D5C8D00CFBF57 /* CampusTableViewController.swift */ = {isa = PBXFileReference; fileEncoding = 4; lastKnownFileType = sourcecode.swift; path = CampusTableViewController.swift; sourceTree = "<group>"; };
		4DAFBE721F3D717D00CFBF57 /* PureLayout.h */ = {isa = PBXFileReference; lastKnownFileType = sourcecode.c.h; path = PureLayout.h; sourceTree = "<group>"; };
		4DAFBE731F3D750600CFBF57 /* SearchTableViewController.swift */ = {isa = PBXFileReference; fileEncoding = 4; lastKnownFileType = sourcecode.swift; path = SearchTableViewController.swift; sourceTree = "<group>"; };
		4DBB9EB21F9005630015CACE /* AnnotationView.swift */ = {isa = PBXFileReference; fileEncoding = 4; lastKnownFileType = sourcecode.swift; name = AnnotationView.swift; path = "../../../../../Downloads/CustomCalloutView-Final Project 2/CustomCalloutView/AnnotationView.swift"; sourceTree = "<group>"; };
		4DD9F2A81FAE5BE10015A3E1 /* TableViewCell5.swift */ = {isa = PBXFileReference; fileEncoding = 4; lastKnownFileType = sourcecode.swift; path = TableViewCell5.swift; sourceTree = "<group>"; };
		4DD9F2A91FAE5BE10015A3E1 /* TableViewCell5.xib */ = {isa = PBXFileReference; fileEncoding = 4; lastKnownFileType = file.xib; path = TableViewCell5.xib; sourceTree = "<group>"; };
		55883FEE85958F1362E794A9 /* Pods_CampusCash.framework */ = {isa = PBXFileReference; explicitFileType = wrapper.framework; includeInIndex = 0; path = Pods_CampusCash.framework; sourceTree = BUILT_PRODUCTS_DIR; };
		65426CF38248BBF66EA47D8A /* Pods-CampusCashUITests.release.xcconfig */ = {isa = PBXFileReference; includeInIndex = 1; lastKnownFileType = text.xcconfig; name = "Pods-CampusCashUITests.release.xcconfig"; path = "Pods/Target Support Files/Pods-CampusCashUITests/Pods-CampusCashUITests.release.xcconfig"; sourceTree = "<group>"; };
		99D739FD1F3AD54900257F14 /* CampusCash.app */ = {isa = PBXFileReference; explicitFileType = wrapper.application; includeInIndex = 0; path = CampusCash.app; sourceTree = BUILT_PRODUCTS_DIR; };
		99D73A001F3AD54900257F14 /* AppDelegate.swift */ = {isa = PBXFileReference; lastKnownFileType = sourcecode.swift; path = AppDelegate.swift; sourceTree = "<group>"; };
		99D73A021F3AD54A00257F14 /* ViewController.swift */ = {isa = PBXFileReference; lastKnownFileType = sourcecode.swift; path = ViewController.swift; sourceTree = "<group>"; };
		99D73A051F3AD54A00257F14 /* Base */ = {isa = PBXFileReference; lastKnownFileType = file.storyboard; name = Base; path = Base.lproj/Main.storyboard; sourceTree = "<group>"; };
		99D73A071F3AD54A00257F14 /* Assets.xcassets */ = {isa = PBXFileReference; lastKnownFileType = folder.assetcatalog; path = Assets.xcassets; sourceTree = "<group>"; };
		99D73A0C1F3AD54A00257F14 /* Info.plist */ = {isa = PBXFileReference; lastKnownFileType = text.plist.xml; path = Info.plist; sourceTree = "<group>"; };
		99D73A111F3AD54A00257F14 /* CampusCashTests.xctest */ = {isa = PBXFileReference; explicitFileType = wrapper.cfbundle; includeInIndex = 0; path = CampusCashTests.xctest; sourceTree = BUILT_PRODUCTS_DIR; };
		99D73A151F3AD54A00257F14 /* CampusCashTests.swift */ = {isa = PBXFileReference; lastKnownFileType = sourcecode.swift; path = CampusCashTests.swift; sourceTree = "<group>"; };
		99D73A171F3AD54A00257F14 /* Info.plist */ = {isa = PBXFileReference; lastKnownFileType = text.plist.xml; path = Info.plist; sourceTree = "<group>"; };
		99D73A1C1F3AD54A00257F14 /* CampusCashUITests.xctest */ = {isa = PBXFileReference; explicitFileType = wrapper.cfbundle; includeInIndex = 0; path = CampusCashUITests.xctest; sourceTree = BUILT_PRODUCTS_DIR; };
		99D73A201F3AD54A00257F14 /* CampusCashUITests.swift */ = {isa = PBXFileReference; lastKnownFileType = sourcecode.swift; path = CampusCashUITests.swift; sourceTree = "<group>"; };
		99D73A221F3AD54A00257F14 /* Info.plist */ = {isa = PBXFileReference; lastKnownFileType = text.plist.xml; path = Info.plist; sourceTree = "<group>"; };
		A0D8AF2996D30DAE68297242 /* Pods_CampusCashUITests.framework */ = {isa = PBXFileReference; explicitFileType = wrapper.framework; includeInIndex = 0; path = Pods_CampusCashUITests.framework; sourceTree = BUILT_PRODUCTS_DIR; };
		B18B2AC3A2D6CE1F7827C6A0 /* Pods_CampusCashTests.framework */ = {isa = PBXFileReference; explicitFileType = wrapper.framework; includeInIndex = 0; path = Pods_CampusCashTests.framework; sourceTree = BUILT_PRODUCTS_DIR; };
		CF8AB45EFD321A63CE9C053C /* Pods-CampusCashUITests.debug.xcconfig */ = {isa = PBXFileReference; includeInIndex = 1; lastKnownFileType = text.xcconfig; name = "Pods-CampusCashUITests.debug.xcconfig"; path = "Pods/Target Support Files/Pods-CampusCashUITests/Pods-CampusCashUITests.debug.xcconfig"; sourceTree = "<group>"; };
		DE979B9A0095A1512CD00575 /* Pods-CampusCashTests.release.xcconfig */ = {isa = PBXFileReference; includeInIndex = 1; lastKnownFileType = text.xcconfig; name = "Pods-CampusCashTests.release.xcconfig"; path = "Pods/Target Support Files/Pods-CampusCashTests/Pods-CampusCashTests.release.xcconfig"; sourceTree = "<group>"; };
		E8E23D264CB67DD2DE4B647D /* Pods-CampusCashTests.debug.xcconfig */ = {isa = PBXFileReference; includeInIndex = 1; lastKnownFileType = text.xcconfig; name = "Pods-CampusCashTests.debug.xcconfig"; path = "Pods/Target Support Files/Pods-CampusCashTests/Pods-CampusCashTests.debug.xcconfig"; sourceTree = "<group>"; };
		ED1FCFC81F3BE78C00F94A17 /* firstSegue.swift */ = {isa = PBXFileReference; fileEncoding = 4; lastKnownFileType = sourcecode.swift; path = firstSegue.swift; sourceTree = "<group>"; };
/* End PBXFileReference section */

/* Begin PBXFrameworksBuildPhase section */
		99D739FA1F3AD54900257F14 /* Frameworks */ = {
			isa = PBXFrameworksBuildPhase;
			buildActionMask = 2147483647;
			files = (
				4D0D5B511F7D6CC500DE70FB /* CoreLocation.framework in Frameworks */,
				4D5841E01F7C55D800E22655 /* MapKit.framework in Frameworks */,
				D53869D9C8386DEED350AB6A /* Pods_CampusCash.framework in Frameworks */,
			);
			runOnlyForDeploymentPostprocessing = 0;
		};
		99D73A0E1F3AD54A00257F14 /* Frameworks */ = {
			isa = PBXFrameworksBuildPhase;
			buildActionMask = 2147483647;
			files = (
				ACE228D03CA149991D0BE59F /* Pods_CampusCashTests.framework in Frameworks */,
			);
			runOnlyForDeploymentPostprocessing = 0;
		};
		99D73A191F3AD54A00257F14 /* Frameworks */ = {
			isa = PBXFrameworksBuildPhase;
			buildActionMask = 2147483647;
			files = (
				4C021C16A387651D73943A1D /* Pods_CampusCashUITests.framework in Frameworks */,
			);
			runOnlyForDeploymentPostprocessing = 0;
		};
/* End PBXFrameworksBuildPhase section */

/* Begin PBXGroup section */
		3D00B80EECD0C9A7073FFEC1 /* Pods */ = {
			isa = PBXGroup;
			children = (
				37210B3B6ED954717B1006CA /* Pods-CampusCash.debug.xcconfig */,
				3A6A87D9BEDD7C364354A50E /* Pods-CampusCash.release.xcconfig */,
				E8E23D264CB67DD2DE4B647D /* Pods-CampusCashTests.debug.xcconfig */,
				DE979B9A0095A1512CD00575 /* Pods-CampusCashTests.release.xcconfig */,
				CF8AB45EFD321A63CE9C053C /* Pods-CampusCashUITests.debug.xcconfig */,
				65426CF38248BBF66EA47D8A /* Pods-CampusCashUITests.release.xcconfig */,
			);
			name = Pods;
			sourceTree = "<group>";
		};
		4D5841E31F7C569000E22655 /* Map Controllers */ = {
			isa = PBXGroup;
			children = (
				4D5841E41F7C5BA600E22655 /* LocationManager.swift */,
				4DA27DC11F98087D0007E2B2 /* MapCategoriesViewController.swift */,
				4D5841E11F7C568700E22655 /* MapViewController.swift */,
				4D99BEA61F90006D00886E09 /* CustomAnnotations.swift */,
				4DBB9EB21F9005630015CACE /* AnnotationView.swift */,
			);
			name = "Map Controllers";
			sourceTree = "<group>";
		};
		4D7A85BB1FB02B150065BFEB /* SWRevealViewController */ = {
			isa = PBXGroup;
			children = (
				4D7A85BC1FB02B150065BFEB /* SWRevealViewController.h */,
			);
			name = SWRevealViewController;
			path = "../../../../../Downloads/SWRevealViewController-master 3/SWRevealViewController";
			sourceTree = "<group>";
		};
		4D8CD4DC1F3E44920036A069 /* Segue */ = {
			isa = PBXGroup;
			children = (
				4D18FC511F426E7200173CE1 /* Rotate.swift */,
				4D7820631F606762005C2EDF /* CAGradientLayer.swift */,
				ED1FCFC81F3BE78C00F94A17 /* firstSegue.swift */,
				4DAFBE621F3D5C2800CFBF57 /* secondSegue.swift */,
				4D99BEA21F8FF7BD00886E09 /* couponSegue.swift */,
			);
			name = Segue;
			sourceTree = "<group>";
		};
		4D8CD4DD1F3E44A40036A069 /* View Cells */ = {
			isa = PBXGroup;
			children = (
				4D99BEAA1F9002B900886E09 /* CustomCalloutView */,
				4D1E09EA1F3E0D6C008E25BE /* TableViewCell1.swift */,
				4D1E09EB1F3E0D6C008E25BE /* TableViewCell1.xib */,
				4D5A02401FAA9C5C005D3A38 /* TableViewCell1REWORK.swift */,
				4D5A02411FAA9C5C005D3A38 /* TableViewCell1REWORK.xib */,
				4D1E09F21F3E3061008E25BE /* TableViewCell2.swift */,
				4D1E09F31F3E3061008E25BE /* TableViewCell2.xib */,
				4D18FC4B1F4234B700173CE1 /* TableViewCell3.swift */,
				4D18FC4C1F4234B700173CE1 /* TableViewCell3.xib */,
				4D7820651F6885D1005C2EDF /* TableViewCell4.swift */,
				4D7820661F6885D1005C2EDF /* TableViewCell4.xib */,
				4DD9F2A81FAE5BE10015A3E1 /* TableViewCell5.swift */,
				4DD9F2A91FAE5BE10015A3E1 /* TableViewCell5.xib */,
				4D5841DD1F736A7B00E22655 /* NavigationViewController.swift */,
			);
			name = "View Cells";
			sourceTree = "<group>";
		};
		4D8CD4DE1F3E44CE0036A069 /* Category Controllers */ = {
			isa = PBXGroup;
			children = (
				4DAFBE641F3D5C8000CFBF57 /* CategoriesTableViewController.swift */,
				4D7820611F605588005C2EDF /* Coupon2TableViewController.swift */,
				4D5841D71F73467900E22655 /* FinalViewController.swift */,
				4D1E09E61F3DFE8D008E25BE /* CompaniesTableViewController.swift */,
				4DAFBE681F3D5C8D00CFBF57 /* CampusTableViewController.swift */,
			);
			name = "Category Controllers";
			sourceTree = "<group>";
		};
		4D99BEAA1F9002B900886E09 /* CustomCalloutView */ = {
			isa = PBXGroup;
			children = (
				4D99BEB21F9002B900886E09 /* CustomCalloutView.swift */,
				4D99BEB31F9002B900886E09 /* CustomCalloutView.xib */,
			);
			name = CustomCalloutView;
			path = "../../../../../Downloads/CustomCalloutView-Final Project/CustomCalloutView";
			sourceTree = "<group>";
		};
		99D739F41F3AD54900257F14 = {
			isa = PBXGroup;
			children = (
				99D739FF1F3AD54900257F14 /* CampusCash */,
				99D73A141F3AD54A00257F14 /* CampusCashTests */,
				99D73A1F1F3AD54A00257F14 /* CampusCashUITests */,
				99D739FE1F3AD54900257F14 /* Products */,
				D2D731E007097951CEBB1B6D /* Frameworks */,
				3D00B80EECD0C9A7073FFEC1 /* Pods */,
			);
			sourceTree = "<group>";
		};
		99D739FE1F3AD54900257F14 /* Products */ = {
			isa = PBXGroup;
			children = (
				99D739FD1F3AD54900257F14 /* CampusCash.app */,
				99D73A111F3AD54A00257F14 /* CampusCashTests.xctest */,
				99D73A1C1F3AD54A00257F14 /* CampusCashUITests.xctest */,
			);
			name = Products;
			sourceTree = "<group>";
		};
		99D739FF1F3AD54900257F14 /* CampusCash */ = {
			isa = PBXGroup;
			children = (
				4DAFBE611F3D5BFF00CFBF57 /* CampusCash.entitlements */,
				4DAFBE721F3D717D00CFBF57 /* PureLayout.h */,
				99D73A001F3AD54900257F14 /* AppDelegate.swift */,
				99D73A021F3AD54A00257F14 /* ViewController.swift */,
				4DAFBE661F3D5C8700CFBF57 /* TabViewController.swift */,
				4DAFBE731F3D750600CFBF57 /* SearchTableViewController.swift */,
				4DA789901FAAE886009D5391 /* RecentTableViewController.swift */,
				4D5841E31F7C569000E22655 /* Map Controllers */,
				4D8CD4DC1F3E44920036A069 /* Segue */,
				4D8CD4DE1F3E44CE0036A069 /* Category Controllers */,
				4D8CD4DD1F3E44A40036A069 /* View Cells */,
				99D73A041F3AD54A00257F14 /* Main.storyboard */,
				4DAFBE5F1F3D5B4800CFBF57 /* Launch Screen.storyboard */,
				99D73A071F3AD54A00257F14 /* Assets.xcassets */,
				4D7A85BB1FB02B150065BFEB /* SWRevealViewController */,
				99D73A0C1F3AD54A00257F14 /* Info.plist */,
				4DAFBE5D1F3D5AE700CFBF57 /* GoogleService-Info.plist */,
				4D5841D41F6B1D4A00E22655 /* CampusCash-Bridging-Header.h */,
			);
			path = CampusCash;
			sourceTree = "<group>";
		};
		99D73A141F3AD54A00257F14 /* CampusCashTests */ = {
			isa = PBXGroup;
			children = (
				99D73A151F3AD54A00257F14 /* CampusCashTests.swift */,
				99D73A171F3AD54A00257F14 /* Info.plist */,
			);
			path = CampusCashTests;
			sourceTree = "<group>";
		};
		99D73A1F1F3AD54A00257F14 /* CampusCashUITests */ = {
			isa = PBXGroup;
			children = (
				99D73A201F3AD54A00257F14 /* CampusCashUITests.swift */,
				99D73A221F3AD54A00257F14 /* Info.plist */,
			);
			path = CampusCashUITests;
			sourceTree = "<group>";
		};
		D2D731E007097951CEBB1B6D /* Frameworks */ = {
			isa = PBXGroup;
			children = (
				4D0D5B501F7D6CC500DE70FB /* CoreLocation.framework */,
				4D5841DF1F7C55D800E22655 /* MapKit.framework */,
				55883FEE85958F1362E794A9 /* Pods_CampusCash.framework */,
				B18B2AC3A2D6CE1F7827C6A0 /* Pods_CampusCashTests.framework */,
				A0D8AF2996D30DAE68297242 /* Pods_CampusCashUITests.framework */,
			);
			name = Frameworks;
			sourceTree = "<group>";
		};
/* End PBXGroup section */

/* Begin PBXNativeTarget section */
		99D739FC1F3AD54900257F14 /* CampusCash */ = {
			isa = PBXNativeTarget;
			buildConfigurationList = 99D73A251F3AD54A00257F14 /* Build configuration list for PBXNativeTarget "CampusCash" */;
			buildPhases = (
				1B0692581457348AF0C289E4 /* [CP] Check Pods Manifest.lock */,
				99D739F91F3AD54900257F14 /* Sources */,
				99D739FA1F3AD54900257F14 /* Frameworks */,
				99D739FB1F3AD54900257F14 /* Resources */,
				AAE0D5FD5457673625D82206 /* [CP] Embed Pods Frameworks */,
				F2DB784FE6B21318AC021513 /* [CP] Copy Pods Resources */,
			);
			buildRules = (
			);
			dependencies = (
			);
			name = CampusCash;
			productName = CampusCash;
			productReference = 99D739FD1F3AD54900257F14 /* CampusCash.app */;
			productType = "com.apple.product-type.application";
		};
		99D73A101F3AD54A00257F14 /* CampusCashTests */ = {
			isa = PBXNativeTarget;
			buildConfigurationList = 99D73A281F3AD54A00257F14 /* Build configuration list for PBXNativeTarget "CampusCashTests" */;
			buildPhases = (
				CCD6F34C62B66D994AD81D80 /* [CP] Check Pods Manifest.lock */,
				99D73A0D1F3AD54A00257F14 /* Sources */,
				99D73A0E1F3AD54A00257F14 /* Frameworks */,
				99D73A0F1F3AD54A00257F14 /* Resources */,
				7924708DBAF36D1975704656 /* [CP] Embed Pods Frameworks */,
				544F9BC0C3F61D248D20F7CD /* [CP] Copy Pods Resources */,
			);
			buildRules = (
			);
			dependencies = (
				99D73A131F3AD54A00257F14 /* PBXTargetDependency */,
			);
			name = CampusCashTests;
			productName = CampusCashTests;
			productReference = 99D73A111F3AD54A00257F14 /* CampusCashTests.xctest */;
			productType = "com.apple.product-type.bundle.unit-test";
		};
		99D73A1B1F3AD54A00257F14 /* CampusCashUITests */ = {
			isa = PBXNativeTarget;
			buildConfigurationList = 99D73A2B1F3AD54A00257F14 /* Build configuration list for PBXNativeTarget "CampusCashUITests" */;
			buildPhases = (
				1257AD22F190045B19B9E8A6 /* [CP] Check Pods Manifest.lock */,
				99D73A181F3AD54A00257F14 /* Sources */,
				99D73A191F3AD54A00257F14 /* Frameworks */,
				99D73A1A1F3AD54A00257F14 /* Resources */,
				DCC568B26F7499542F0561DF /* [CP] Embed Pods Frameworks */,
				8380B440D916826E06C2A296 /* [CP] Copy Pods Resources */,
			);
			buildRules = (
			);
			dependencies = (
				99D73A1E1F3AD54A00257F14 /* PBXTargetDependency */,
			);
			name = CampusCashUITests;
			productName = CampusCashUITests;
			productReference = 99D73A1C1F3AD54A00257F14 /* CampusCashUITests.xctest */;
			productType = "com.apple.product-type.bundle.ui-testing";
		};
/* End PBXNativeTarget section */

/* Begin PBXProject section */
		99D739F51F3AD54900257F14 /* Project object */ = {
			isa = PBXProject;
			attributes = {
				LastSwiftUpdateCheck = 0830;
				LastUpgradeCheck = 0910;
				ORGANIZATIONNAME = "Hans von Clemm";
				TargetAttributes = {
					99D739FC1F3AD54900257F14 = {
						CreatedOnToolsVersion = 8.3.3;
						DevelopmentTeam = 435YL82FQ2;
						LastSwiftMigration = 0910;
						ProvisioningStyle = Automatic;
						SystemCapabilities = {
							com.apple.DataProtection = {
								enabled = 1;
							};
							com.apple.Maps.iOS = {
								enabled = 1;
							};
							com.apple.Push = {
								enabled = 1;
							};
						};
					};
					99D73A101F3AD54A00257F14 = {
						CreatedOnToolsVersion = 8.3.3;
						DevelopmentTeam = 7VTWR2G39L;
						LastSwiftMigration = 0910;
						ProvisioningStyle = Automatic;
						TestTargetID = 99D739FC1F3AD54900257F14;
					};
					99D73A1B1F3AD54A00257F14 = {
						CreatedOnToolsVersion = 8.3.3;
						DevelopmentTeam = 7VTWR2G39L;
						LastSwiftMigration = 0910;
						ProvisioningStyle = Automatic;
						TestTargetID = 99D739FC1F3AD54900257F14;
					};
				};
			};
			buildConfigurationList = 99D739F81F3AD54900257F14 /* Build configuration list for PBXProject "CampusCash" */;
			compatibilityVersion = "Xcode 3.2";
			developmentRegion = English;
			hasScannedForEncodings = 0;
			knownRegions = (
				en,
				Base,
			);
			mainGroup = 99D739F41F3AD54900257F14;
			productRefGroup = 99D739FE1F3AD54900257F14 /* Products */;
			projectDirPath = "";
			projectRoot = "";
			targets = (
				99D739FC1F3AD54900257F14 /* CampusCash */,
				99D73A101F3AD54A00257F14 /* CampusCashTests */,
				99D73A1B1F3AD54A00257F14 /* CampusCashUITests */,
			);
		};
/* End PBXProject section */

/* Begin PBXResourcesBuildPhase section */
		99D739FB1F3AD54900257F14 /* Resources */ = {
			isa = PBXResourcesBuildPhase;
			buildActionMask = 2147483647;
			files = (
				4D1E09ED1F3E0D6C008E25BE /* TableViewCell1.xib in Resources */,
				4DD9F2AB1FAE5BE10015A3E1 /* TableViewCell5.xib in Resources */,
				99D73A081F3AD54A00257F14 /* Assets.xcassets in Resources */,
				4D7820681F6885D1005C2EDF /* TableViewCell4.xib in Resources */,
				4D99BEC11F9002B900886E09 /* CustomCalloutView.xib in Resources */,
				99D73A061F3AD54A00257F14 /* Main.storyboard in Resources */,
				4DAFBE601F3D5B4800CFBF57 /* Launch Screen.storyboard in Resources */,
				4D1E09F51F3E3061008E25BE /* TableViewCell2.xib in Resources */,
				4D5A02431FAA9C5C005D3A38 /* TableViewCell1REWORK.xib in Resources */,
				4DAFBE5E1F3D5AE700CFBF57 /* GoogleService-Info.plist in Resources */,
				4D18FC4E1F4234B700173CE1 /* TableViewCell3.xib in Resources */,
			);
			runOnlyForDeploymentPostprocessing = 0;
		};
		99D73A0F1F3AD54A00257F14 /* Resources */ = {
			isa = PBXResourcesBuildPhase;
			buildActionMask = 2147483647;
			files = (
			);
			runOnlyForDeploymentPostprocessing = 0;
		};
		99D73A1A1F3AD54A00257F14 /* Resources */ = {
			isa = PBXResourcesBuildPhase;
			buildActionMask = 2147483647;
			files = (
			);
			runOnlyForDeploymentPostprocessing = 0;
		};
/* End PBXResourcesBuildPhase section */

/* Begin PBXShellScriptBuildPhase section */
		1257AD22F190045B19B9E8A6 /* [CP] Check Pods Manifest.lock */ = {
			isa = PBXShellScriptBuildPhase;
			buildActionMask = 2147483647;
			files = (
			);
			inputPaths = (
				"${PODS_PODFILE_DIR_PATH}/Podfile.lock",
				"${PODS_ROOT}/Manifest.lock",
			);
			name = "[CP] Check Pods Manifest.lock";
			outputPaths = (
				"$(DERIVED_FILE_DIR)/Pods-CampusCashUITests-checkManifestLockResult.txt",
			);
			runOnlyForDeploymentPostprocessing = 0;
			shellPath = /bin/sh;
			shellScript = "diff \"${PODS_PODFILE_DIR_PATH}/Podfile.lock\" \"${PODS_ROOT}/Manifest.lock\" > /dev/null\nif [ $? != 0 ] ; then\n    # print error to STDERR\n    echo \"error: The sandbox is not in sync with the Podfile.lock. Run 'pod install' or update your CocoaPods installation.\" >&2\n    exit 1\nfi\n";
			showEnvVarsInLog = 0;
		};
		1B0692581457348AF0C289E4 /* [CP] Check Pods Manifest.lock */ = {
			isa = PBXShellScriptBuildPhase;
			buildActionMask = 2147483647;
			files = (
			);
			inputPaths = (
				"${PODS_PODFILE_DIR_PATH}/Podfile.lock",
				"${PODS_ROOT}/Manifest.lock",
			);
			name = "[CP] Check Pods Manifest.lock";
			outputPaths = (
				"$(DERIVED_FILE_DIR)/Pods-CampusCash-checkManifestLockResult.txt",
			);
			runOnlyForDeploymentPostprocessing = 0;
			shellPath = /bin/sh;
			shellScript = "diff \"${PODS_PODFILE_DIR_PATH}/Podfile.lock\" \"${PODS_ROOT}/Manifest.lock\" > /dev/null\nif [ $? != 0 ] ; then\n    # print error to STDERR\n    echo \"error: The sandbox is not in sync with the Podfile.lock. Run 'pod install' or update your CocoaPods installation.\" >&2\n    exit 1\nfi\n";
			showEnvVarsInLog = 0;
		};
		544F9BC0C3F61D248D20F7CD /* [CP] Copy Pods Resources */ = {
			isa = PBXShellScriptBuildPhase;
			buildActionMask = 2147483647;
			files = (
			);
			inputPaths = (
			);
			name = "[CP] Copy Pods Resources";
			outputPaths = (
			);
			runOnlyForDeploymentPostprocessing = 0;
			shellPath = /bin/sh;
			shellScript = "\"${SRCROOT}/Pods/Target Support Files/Pods-CampusCashTests/Pods-CampusCashTests-resources.sh\"\n";
			showEnvVarsInLog = 0;
		};
		7924708DBAF36D1975704656 /* [CP] Embed Pods Frameworks */ = {
			isa = PBXShellScriptBuildPhase;
			buildActionMask = 2147483647;
			files = (
			);
			inputPaths = (
				"${SRCROOT}/Pods/Target Support Files/Pods-CampusCashTests/Pods-CampusCashTests-frameworks.sh",
				"${BUILT_PRODUCTS_DIR}/GoogleToolboxForMac/GoogleToolboxForMac.framework",
				"${BUILT_PRODUCTS_DIR}/nanopb/nanopb.framework",
			);
			name = "[CP] Embed Pods Frameworks";
			outputPaths = (
				"${TARGET_BUILD_DIR}/${FRAMEWORKS_FOLDER_PATH}/GoogleToolboxForMac.framework",
				"${TARGET_BUILD_DIR}/${FRAMEWORKS_FOLDER_PATH}/nanopb.framework",
			);
			runOnlyForDeploymentPostprocessing = 0;
			shellPath = /bin/sh;
			shellScript = "\"${SRCROOT}/Pods/Target Support Files/Pods-CampusCashTests/Pods-CampusCashTests-frameworks.sh\"\n";
			showEnvVarsInLog = 0;
		};
		8380B440D916826E06C2A296 /* [CP] Copy Pods Resources */ = {
			isa = PBXShellScriptBuildPhase;
			buildActionMask = 2147483647;
			files = (
			);
			inputPaths = (
			);
			name = "[CP] Copy Pods Resources";
			outputPaths = (
			);
			runOnlyForDeploymentPostprocessing = 0;
			shellPath = /bin/sh;
			shellScript = "\"${SRCROOT}/Pods/Target Support Files/Pods-CampusCashUITests/Pods-CampusCashUITests-resources.sh\"\n";
			showEnvVarsInLog = 0;
		};
		AAE0D5FD5457673625D82206 /* [CP] Embed Pods Frameworks */ = {
			isa = PBXShellScriptBuildPhase;
			buildActionMask = 2147483647;
			files = (
			);
			inputPaths = (
			);
			name = "[CP] Embed Pods Frameworks";
			outputPaths = (
			);
			runOnlyForDeploymentPostprocessing = 0;
			shellPath = /bin/sh;
			shellScript = "\"${SRCROOT}/Pods/Target Support Files/Pods-CampusCash/Pods-CampusCash-frameworks.sh\"\n";
			showEnvVarsInLog = 0;
		};
		CCD6F34C62B66D994AD81D80 /* [CP] Check Pods Manifest.lock */ = {
			isa = PBXShellScriptBuildPhase;
			buildActionMask = 2147483647;
			files = (
			);
			inputPaths = (
				"${PODS_PODFILE_DIR_PATH}/Podfile.lock",
				"${PODS_ROOT}/Manifest.lock",
			);
			name = "[CP] Check Pods Manifest.lock";
			outputPaths = (
				"$(DERIVED_FILE_DIR)/Pods-CampusCashTests-checkManifestLockResult.txt",
			);
			runOnlyForDeploymentPostprocessing = 0;
			shellPath = /bin/sh;
			shellScript = "diff \"${PODS_PODFILE_DIR_PATH}/Podfile.lock\" \"${PODS_ROOT}/Manifest.lock\" > /dev/null\nif [ $? != 0 ] ; then\n    # print error to STDERR\n    echo \"error: The sandbox is not in sync with the Podfile.lock. Run 'pod install' or update your CocoaPods installation.\" >&2\n    exit 1\nfi\n";
			showEnvVarsInLog = 0;
		};
		DCC568B26F7499542F0561DF /* [CP] Embed Pods Frameworks */ = {
			isa = PBXShellScriptBuildPhase;
			buildActionMask = 2147483647;
			files = (
			);
			inputPaths = (
			);
			name = "[CP] Embed Pods Frameworks";
			outputPaths = (
			);
			runOnlyForDeploymentPostprocessing = 0;
			shellPath = /bin/sh;
			shellScript = "\"${SRCROOT}/Pods/Target Support Files/Pods-CampusCashUITests/Pods-CampusCashUITests-frameworks.sh\"\n";
			showEnvVarsInLog = 0;
		};
		F2DB784FE6B21318AC021513 /* [CP] Copy Pods Resources */ = {
			isa = PBXShellScriptBuildPhase;
			buildActionMask = 2147483647;
			files = (
			);
			inputPaths = (
			);
			name = "[CP] Copy Pods Resources";
			outputPaths = (
			);
			runOnlyForDeploymentPostprocessing = 0;
			shellPath = /bin/sh;
			shellScript = "\"${SRCROOT}/Pods/Target Support Files/Pods-CampusCash/Pods-CampusCash-resources.sh\"\n";
			showEnvVarsInLog = 0;
		};
/* End PBXShellScriptBuildPhase section */

/* Begin PBXSourcesBuildPhase section */
		99D739F91F3AD54900257F14 /* Sources */ = {
			isa = PBXSourcesBuildPhase;
			buildActionMask = 2147483647;
			files = (
				4DBDA54D1FB02BF600963AA3 /* SWRevealViewController.h in Sources */,
				ED1FCFC91F3BE78C00F94A17 /* firstSegue.swift in Sources */,
				4D99BEA31F8FF7BD00886E09 /* couponSegue.swift in Sources */,
				4D5841D81F73467900E22655 /* FinalViewController.swift in Sources */,
				4D18FC4D1F4234B700173CE1 /* TableViewCell3.swift in Sources */,
				4DAFBE691F3D5C8D00CFBF57 /* CampusTableViewController.swift in Sources */,
				99D73A031F3AD54A00257F14 /* ViewController.swift in Sources */,
				4DA789911FAAE886009D5391 /* RecentTableViewController.swift in Sources */,
				4DAFBE651F3D5C8000CFBF57 /* CategoriesTableViewController.swift in Sources */,
				4DAFBE631F3D5C2800CFBF57 /* secondSegue.swift in Sources */,
				4D5841E21F7C568700E22655 /* MapViewController.swift in Sources */,
				4D5841DE1F736A7B00E22655 /* NavigationViewController.swift in Sources */,
				4D7820671F6885D1005C2EDF /* TableViewCell4.swift in Sources */,
				4D1E09EC1F3E0D6C008E25BE /* TableViewCell1.swift in Sources */,
				4D5A02421FAA9C5C005D3A38 /* TableViewCell1REWORK.swift in Sources */,
				4DAFBE671F3D5C8700CFBF57 /* TabViewController.swift in Sources */,
				4D5841E51F7C5BA600E22655 /* LocationManager.swift in Sources */,
				4D18FC521F426E7200173CE1 /* Rotate.swift in Sources */,
				4D99BEA71F90006D00886E09 /* CustomAnnotations.swift in Sources */,
				4DBB9EB31F9005630015CACE /* AnnotationView.swift in Sources */,
				4DD9F2AA1FAE5BE10015A3E1 /* TableViewCell5.swift in Sources */,
				99D73A011F3AD54900257F14 /* AppDelegate.swift in Sources */,
				4D99BEC01F9002B900886E09 /* CustomCalloutView.swift in Sources */,
				4D7820621F605588005C2EDF /* Coupon2TableViewController.swift in Sources */,
				4DAFBE741F3D750600CFBF57 /* SearchTableViewController.swift in Sources */,
				4D1E09F41F3E3061008E25BE /* TableViewCell2.swift in Sources */,
				4DA27DC21F98087D0007E2B2 /* MapCategoriesViewController.swift in Sources */,
				4D1E09E71F3DFE8D008E25BE /* CompaniesTableViewController.swift in Sources */,
				4D7820641F606762005C2EDF /* CAGradientLayer.swift in Sources */,
			);
			runOnlyForDeploymentPostprocessing = 0;
		};
		99D73A0D1F3AD54A00257F14 /* Sources */ = {
			isa = PBXSourcesBuildPhase;
			buildActionMask = 2147483647;
			files = (
				99D73A161F3AD54A00257F14 /* CampusCashTests.swift in Sources */,
			);
			runOnlyForDeploymentPostprocessing = 0;
		};
		99D73A181F3AD54A00257F14 /* Sources */ = {
			isa = PBXSourcesBuildPhase;
			buildActionMask = 2147483647;
			files = (
				99D73A211F3AD54A00257F14 /* CampusCashUITests.swift in Sources */,
			);
			runOnlyForDeploymentPostprocessing = 0;
		};
/* End PBXSourcesBuildPhase section */

/* Begin PBXTargetDependency section */
		99D73A131F3AD54A00257F14 /* PBXTargetDependency */ = {
			isa = PBXTargetDependency;
			target = 99D739FC1F3AD54900257F14 /* CampusCash */;
			targetProxy = 99D73A121F3AD54A00257F14 /* PBXContainerItemProxy */;
		};
		99D73A1E1F3AD54A00257F14 /* PBXTargetDependency */ = {
			isa = PBXTargetDependency;
			target = 99D739FC1F3AD54900257F14 /* CampusCash */;
			targetProxy = 99D73A1D1F3AD54A00257F14 /* PBXContainerItemProxy */;
		};
/* End PBXTargetDependency section */

/* Begin PBXVariantGroup section */
		99D73A041F3AD54A00257F14 /* Main.storyboard */ = {
			isa = PBXVariantGroup;
			children = (
				99D73A051F3AD54A00257F14 /* Base */,
			);
			name = Main.storyboard;
			sourceTree = "<group>";
		};
/* End PBXVariantGroup section */

/* Begin XCBuildConfiguration section */
		99D73A231F3AD54A00257F14 /* Debug */ = {
			isa = XCBuildConfiguration;
			buildSettings = {
				ALWAYS_SEARCH_USER_PATHS = NO;
				CLANG_ANALYZER_NONNULL = YES;
				CLANG_ANALYZER_NUMBER_OBJECT_CONVERSION = YES_AGGRESSIVE;
				CLANG_CXX_LANGUAGE_STANDARD = "gnu++0x";
				CLANG_CXX_LIBRARY = "libc++";
				CLANG_ENABLE_MODULES = YES;
				CLANG_ENABLE_OBJC_ARC = YES;
				CLANG_WARN_BLOCK_CAPTURE_AUTORELEASING = YES;
				CLANG_WARN_BOOL_CONVERSION = YES;
				CLANG_WARN_COMMA = YES;
				CLANG_WARN_CONSTANT_CONVERSION = YES;
				CLANG_WARN_DIRECT_OBJC_ISA_USAGE = YES_ERROR;
				CLANG_WARN_DOCUMENTATION_COMMENTS = YES;
				CLANG_WARN_EMPTY_BODY = YES;
				CLANG_WARN_ENUM_CONVERSION = YES;
				CLANG_WARN_INFINITE_RECURSION = YES;
				CLANG_WARN_INT_CONVERSION = YES;
				CLANG_WARN_NON_LITERAL_NULL_CONVERSION = YES;
				CLANG_WARN_OBJC_LITERAL_CONVERSION = YES;
				CLANG_WARN_OBJC_ROOT_CLASS = YES_ERROR;
				CLANG_WARN_RANGE_LOOP_ANALYSIS = YES;
				CLANG_WARN_STRICT_PROTOTYPES = YES;
				CLANG_WARN_SUSPICIOUS_MOVE = YES;
				CLANG_WARN_UNREACHABLE_CODE = YES;
				CLANG_WARN__DUPLICATE_METHOD_MATCH = YES;
				"CODE_SIGN_IDENTITY[sdk=iphoneos*]" = "iPhone Developer";
				COPY_PHASE_STRIP = NO;
				DEBUG_INFORMATION_FORMAT = dwarf;
				ENABLE_STRICT_OBJC_MSGSEND = YES;
				ENABLE_TESTABILITY = YES;
				GCC_C_LANGUAGE_STANDARD = gnu99;
				GCC_DYNAMIC_NO_PIC = NO;
				GCC_NO_COMMON_BLOCKS = YES;
				GCC_OPTIMIZATION_LEVEL = 0;
				GCC_PREPROCESSOR_DEFINITIONS = (
					"DEBUG=1",
					"$(inherited)",
				);
				GCC_WARN_64_TO_32_BIT_CONVERSION = YES;
				GCC_WARN_ABOUT_RETURN_TYPE = YES_ERROR;
				GCC_WARN_UNDECLARED_SELECTOR = YES;
				GCC_WARN_UNINITIALIZED_AUTOS = YES_AGGRESSIVE;
				GCC_WARN_UNUSED_FUNCTION = YES;
				GCC_WARN_UNUSED_VARIABLE = YES;
				IPHONEOS_DEPLOYMENT_TARGET = 10.0;
				MTL_ENABLE_DEBUG_INFO = YES;
				ONLY_ACTIVE_ARCH = YES;
				SDKROOT = iphoneos;
				SWIFT_ACTIVE_COMPILATION_CONDITIONS = DEBUG;
				SWIFT_OPTIMIZATION_LEVEL = "-Onone";
			};
			name = Debug;
		};
		99D73A241F3AD54A00257F14 /* Release */ = {
			isa = XCBuildConfiguration;
			buildSettings = {
				ALWAYS_SEARCH_USER_PATHS = NO;
				CLANG_ANALYZER_NONNULL = YES;
				CLANG_ANALYZER_NUMBER_OBJECT_CONVERSION = YES_AGGRESSIVE;
				CLANG_CXX_LANGUAGE_STANDARD = "gnu++0x";
				CLANG_CXX_LIBRARY = "libc++";
				CLANG_ENABLE_MODULES = YES;
				CLANG_ENABLE_OBJC_ARC = YES;
				CLANG_WARN_BLOCK_CAPTURE_AUTORELEASING = YES;
				CLANG_WARN_BOOL_CONVERSION = YES;
				CLANG_WARN_COMMA = YES;
				CLANG_WARN_CONSTANT_CONVERSION = YES;
				CLANG_WARN_DIRECT_OBJC_ISA_USAGE = YES_ERROR;
				CLANG_WARN_DOCUMENTATION_COMMENTS = YES;
				CLANG_WARN_EMPTY_BODY = YES;
				CLANG_WARN_ENUM_CONVERSION = YES;
				CLANG_WARN_INFINITE_RECURSION = YES;
				CLANG_WARN_INT_CONVERSION = YES;
				CLANG_WARN_NON_LITERAL_NULL_CONVERSION = YES;
				CLANG_WARN_OBJC_LITERAL_CONVERSION = YES;
				CLANG_WARN_OBJC_ROOT_CLASS = YES_ERROR;
				CLANG_WARN_RANGE_LOOP_ANALYSIS = YES;
				CLANG_WARN_STRICT_PROTOTYPES = YES;
				CLANG_WARN_SUSPICIOUS_MOVE = YES;
				CLANG_WARN_UNREACHABLE_CODE = YES;
				CLANG_WARN__DUPLICATE_METHOD_MATCH = YES;
				"CODE_SIGN_IDENTITY[sdk=iphoneos*]" = "iPhone Developer";
				COPY_PHASE_STRIP = NO;
				DEBUG_INFORMATION_FORMAT = "dwarf-with-dsym";
				ENABLE_NS_ASSERTIONS = NO;
				ENABLE_STRICT_OBJC_MSGSEND = YES;
				GCC_C_LANGUAGE_STANDARD = gnu99;
				GCC_NO_COMMON_BLOCKS = YES;
				GCC_WARN_64_TO_32_BIT_CONVERSION = YES;
				GCC_WARN_ABOUT_RETURN_TYPE = YES_ERROR;
				GCC_WARN_UNDECLARED_SELECTOR = YES;
				GCC_WARN_UNINITIALIZED_AUTOS = YES_AGGRESSIVE;
				GCC_WARN_UNUSED_FUNCTION = YES;
				GCC_WARN_UNUSED_VARIABLE = YES;
				IPHONEOS_DEPLOYMENT_TARGET = 10.0;
				MTL_ENABLE_DEBUG_INFO = NO;
				SDKROOT = iphoneos;
				SWIFT_OPTIMIZATION_LEVEL = "-Owholemodule";
				VALIDATE_PRODUCT = YES;
			};
			name = Release;
		};
		99D73A261F3AD54A00257F14 /* Debug */ = {
			isa = XCBuildConfiguration;
			baseConfigurationReference = 37210B3B6ED954717B1006CA /* Pods-CampusCash.debug.xcconfig */;
			buildSettings = {
				ASSETCATALOG_COMPILER_APPICON_NAME = "AppIcon-1";
				CLANG_ENABLE_MODULES = YES;
				CODE_SIGN_ENTITLEMENTS = CampusCash/CampusCash.entitlements;
				DEVELOPMENT_TEAM = 435YL82FQ2;
				FRAMEWORK_SEARCH_PATHS = "$(inherited)";
				INFOPLIST_FILE = CampusCash/Info.plist;
				LD_RUNPATH_SEARCH_PATHS = "$(inherited) @executable_path/Frameworks";
				ONLY_ACTIVE_ARCH = NO;
				PRODUCT_BUNDLE_IDENTIFIER = com.coappdesign.campuscashcoupons;
				PRODUCT_NAME = "$(TARGET_NAME)";
				SWIFT_OBJC_BRIDGING_HEADER = "CampusCash/CampusCash-Bridging-Header.h";
				SWIFT_OPTIMIZATION_LEVEL = "-Onone";
				SWIFT_REFLECTION_METADATA_LEVEL = none;
				SWIFT_SWIFT3_OBJC_INFERENCE = Off;
				SWIFT_VERSION = 4.0;
				VALID_ARCHS = "arm64 armv7 armv7s";
			};
			name = Debug;
		};
		99D73A271F3AD54A00257F14 /* Release */ = {
			isa = XCBuildConfiguration;
			baseConfigurationReference = 3A6A87D9BEDD7C364354A50E /* Pods-CampusCash.release.xcconfig */;
			buildSettings = {
				ASSETCATALOG_COMPILER_APPICON_NAME = "AppIcon-1";
				CLANG_ENABLE_MODULES = YES;
				CODE_SIGN_ENTITLEMENTS = CampusCash/CampusCash.entitlements;
				DEVELOPMENT_TEAM = 435YL82FQ2;
				FRAMEWORK_SEARCH_PATHS = "$(inherited)";
				INFOPLIST_FILE = CampusCash/Info.plist;
				LD_RUNPATH_SEARCH_PATHS = "$(inherited) @executable_path/Frameworks";
				OTHER_LDFLAGS = (
					"$(inherited)",
					"-ObjC",
					"-l\"c++\"",
					"-l\"sqlite3\"",
					"-l\"stdc++\"",
					"-l\"z\"",
					"-framework",
					"\"AddressBook\"",
					"-framework",
					"\"AssetsLibrary\"",
					"-framework",
					"\"CoreFoundation\"",
					"-framework",
					"\"CoreLocation\"",
					"-framework",
					"\"CoreMotion\"",
					"-framework",
					"\"CoreText\"",
					"-framework",
					"\"FirebaseAnalytics\"",
					"-framework",
					"\"FirebaseCore\"",
					"-framework",
					"\"FirebaseInstanceID\"",
					"-framework",
					"\"GGLCore\"",
					"-framework",
					"\"GGLSignIn\"",
					"-framework",
					"\"GTMOAuth2\"",
					"-framework",
					"\"GTMSessionFetcher\"",
					"-framework",
					"\"GoogleSignIn\"",
					"-framework",
					"\"GoogleToolboxForMac\"",
					"-framework",
					"\"MessageUI\"",
					"-framework",
					"\"PureLayout\"",
					"-framework",
					"\"SafariServices\"",
					"-framework",
					"\"Security\"",
					"-framework",
					"\"StoreKit\"",
					"-framework",
					"\"SystemConfiguration\"",
				);
				PRODUCT_BUNDLE_IDENTIFIER = com.coappdesign.campuscashcoupons;
				PRODUCT_NAME = "$(TARGET_NAME)";
				SWIFT_OBJC_BRIDGING_HEADER = "CampusCash/CampusCash-Bridging-Header.h";
				SWIFT_REFLECTION_METADATA_LEVEL = none;
				SWIFT_SWIFT3_OBJC_INFERENCE = Off;
				SWIFT_VERSION = 4.0;
				VALID_ARCHS = "arm64 armv7 armv7s";
			};
			name = Release;
		};
		99D73A291F3AD54A00257F14 /* Debug */ = {
			isa = XCBuildConfiguration;
			baseConfigurationReference = E8E23D264CB67DD2DE4B647D /* Pods-CampusCashTests.debug.xcconfig */;
			buildSettings = {
				ALWAYS_EMBED_SWIFT_STANDARD_LIBRARIES = YES;
				BUNDLE_LOADER = "$(TEST_HOST)";
				DEVELOPMENT_TEAM = 7VTWR2G39L;
				INFOPLIST_FILE = CampusCashTests/Info.plist;
				LD_RUNPATH_SEARCH_PATHS = "$(inherited) @executable_path/Frameworks @loader_path/Frameworks";
				PRODUCT_BUNDLE_IDENTIFIER = com.COAppDesign.CampusCashTests;
				PRODUCT_NAME = "$(TARGET_NAME)";
				SWIFT_SWIFT3_OBJC_INFERENCE = On;
				SWIFT_VERSION = 4.0;
				TEST_HOST = "$(BUILT_PRODUCTS_DIR)/CampusCash.app/CampusCash";
			};
			name = Debug;
		};
		99D73A2A1F3AD54A00257F14 /* Release */ = {
			isa = XCBuildConfiguration;
			baseConfigurationReference = DE979B9A0095A1512CD00575 /* Pods-CampusCashTests.release.xcconfig */;
			buildSettings = {
				ALWAYS_EMBED_SWIFT_STANDARD_LIBRARIES = YES;
				BUNDLE_LOADER = "$(TEST_HOST)";
				DEVELOPMENT_TEAM = 7VTWR2G39L;
				INFOPLIST_FILE = CampusCashTests/Info.plist;
				LD_RUNPATH_SEARCH_PATHS = "$(inherited) @executable_path/Frameworks @loader_path/Frameworks";
				PRODUCT_BUNDLE_IDENTIFIER = com.COAppDesign.CampusCashTests;
				PRODUCT_NAME = "$(TARGET_NAME)";
				SWIFT_SWIFT3_OBJC_INFERENCE = On;
				SWIFT_VERSION = 4.0;
				TEST_HOST = "$(BUILT_PRODUCTS_DIR)/CampusCash.app/CampusCash";
			};
			name = Release;
		};
		99D73A2C1F3AD54A00257F14 /* Debug */ = {
			isa = XCBuildConfiguration;
			baseConfigurationReference = CF8AB45EFD321A63CE9C053C /* Pods-CampusCashUITests.debug.xcconfig */;
			buildSettings = {
				ALWAYS_EMBED_SWIFT_STANDARD_LIBRARIES = YES;
				DEVELOPMENT_TEAM = 7VTWR2G39L;
				INFOPLIST_FILE = CampusCashUITests/Info.plist;
				LD_RUNPATH_SEARCH_PATHS = "$(inherited) @executable_path/Frameworks @loader_path/Frameworks";
				PRODUCT_BUNDLE_IDENTIFIER = com.COAppDesign.CampusCashUITests;
				PRODUCT_NAME = "$(TARGET_NAME)";
				SWIFT_SWIFT3_OBJC_INFERENCE = On;
				SWIFT_VERSION = 4.0;
				TEST_TARGET_NAME = CampusCash;
			};
			name = Debug;
		};
		99D73A2D1F3AD54A00257F14 /* Release */ = {
			isa = XCBuildConfiguration;
			baseConfigurationReference = 65426CF38248BBF66EA47D8A /* Pods-CampusCashUITests.release.xcconfig */;
			buildSettings = {
				ALWAYS_EMBED_SWIFT_STANDARD_LIBRARIES = YES;
				DEVELOPMENT_TEAM = 7VTWR2G39L;
				INFOPLIST_FILE = CampusCashUITests/Info.plist;
				LD_RUNPATH_SEARCH_PATHS = "$(inherited) @executable_path/Frameworks @loader_path/Frameworks";
				PRODUCT_BUNDLE_IDENTIFIER = com.COAppDesign.CampusCashUITests;
				PRODUCT_NAME = "$(TARGET_NAME)";
				SWIFT_SWIFT3_OBJC_INFERENCE = On;
				SWIFT_VERSION = 4.0;
				TEST_TARGET_NAME = CampusCash;
			};
			name = Release;
		};
/* End XCBuildConfiguration section */

/* Begin XCConfigurationList section */
		99D739F81F3AD54900257F14 /* Build configuration list for PBXProject "CampusCash" */ = {
			isa = XCConfigurationList;
			buildConfigurations = (
				99D73A231F3AD54A00257F14 /* Debug */,
				99D73A241F3AD54A00257F14 /* Release */,
			);
			defaultConfigurationIsVisible = 0;
			defaultConfigurationName = Release;
		};
		99D73A251F3AD54A00257F14 /* Build configuration list for PBXNativeTarget "CampusCash" */ = {
			isa = XCConfigurationList;
			buildConfigurations = (
				99D73A261F3AD54A00257F14 /* Debug */,
				99D73A271F3AD54A00257F14 /* Release */,
			);
			defaultConfigurationIsVisible = 0;
			defaultConfigurationName = Release;
		};
		99D73A281F3AD54A00257F14 /* Build configuration list for PBXNativeTarget "CampusCashTests" */ = {
			isa = XCConfigurationList;
			buildConfigurations = (
				99D73A291F3AD54A00257F14 /* Debug */,
				99D73A2A1F3AD54A00257F14 /* Release */,
			);
			defaultConfigurationIsVisible = 0;
			defaultConfigurationName = Release;
		};
		99D73A2B1F3AD54A00257F14 /* Build configuration list for PBXNativeTarget "CampusCashUITests" */ = {
			isa = XCConfigurationList;
			buildConfigurations = (
				99D73A2C1F3AD54A00257F14 /* Debug */,
				99D73A2D1F3AD54A00257F14 /* Release */,
			);
			defaultConfigurationIsVisible = 0;
			defaultConfigurationName = Release;
		};
/* End XCConfigurationList section */
	};
	rootObject = 99D739F51F3AD54900257F14 /* Project object */;
}
